
Microsoft Visual Studio Solution File, Format Version 12.00
# Visual Studio Version 17
VisualStudioVersion = 17.14.36915.13 d17.14
MinimumVisualStudioVersion = 10.0.40219.1
Project("{2150E333-8FDC-42A3-9474-1A3956D46DE8}") = "src", "src", "{02EA681E-C7D8-13C7-8484-4AC65E1B71E8}"
EndProject
Project("{FAE04EC0-301F-11D3-BF4B-00C04F79EFBC}") = "Ecom.Core", "Ecom.Core\Ecom.Core.csproj", "{33AFE909-A464-4AD7-8658-5271FF19F47F}"
EndProject
Project("{FAE04EC0-301F-11D3-BF4B-00C04F79EFBC}") = "Ecom.infrastructure", "Ecom.infrastructure\Ecom.infrastructure.csproj", "{231107F6-DC4A-43FA-9EC7-0B4693438BD2}"
EndProject
Project("{FAE04EC0-301F-11D3-BF4B-00C04F79EFBC}") = "Ecom.API", "Ecom.API\Ecom.API.csproj", "{7078A02F-0B85-4AA7-BF33-571B014503A2}"
EndProject
Global
	GlobalSection(SolutionConfigurationPlatforms) = preSolution
		Debug|Any CPU = Debug|Any CPU
		Release|Any CPU = Release|Any CPU
	EndGlobalSection
	GlobalSection(ProjectConfigurationPlatforms) = postSolution
		{33AFE909-A464-4AD7-8658-5271FF19F47F}.Debug|Any CPU.ActiveCfg = Debug|Any CPU
		{33AFE909-A464-4AD7-8658-5271FF19F47F}.Debug|Any CPU.Build.0 = Debug|Any CPU
		{33AFE909-A464-4AD7-8658-5271FF19F47F}.Release|Any CPU.ActiveCfg = Release|Any CPU
		{33AFE909-A464-4AD7-8658-5271FF19F47F}.Release|Any CPU.Build.0 = Release|Any CPU
		{231107F6-DC4A-43FA-9EC7-0B4693438BD2}.Debug|Any CPU.ActiveCfg = Debug|Any CPU
		{231107F6-DC4A-43FA-9EC7-0B4693438BD2}.Debug|Any CPU.Build.0 = Debug|Any CPU
		{231107F6-DC4A-43FA-9EC7-0B4693438BD2}.Release|Any CPU.ActiveCfg = Release|Any CPU
		{231107F6-DC4A-43FA-9EC7-0B4693438BD2}.Release|Any CPU.Build.0 = Release|Any CPU
		{7078A02F-0B85-4AA7-BF33-571B014503A2}.Debug|Any CPU.ActiveCfg = Debug|Any CPU
		{7078A02F-0B85-4AA7-BF33-571B014503A2}.Debug|Any CPU.Build.0 = Debug|Any CPU
		{7078A02F-0B85-4AA7-BF33-571B014503A2}.Release|Any CPU.ActiveCfg = Release|Any CPU
		{7078A02F-0B85-4AA7-BF33-571B014503A2}.Release|Any CPU.Build.0 = Release|Any CPU
	EndGlobalSection
	GlobalSection(SolutionProperties) = preSolution
		HideSolutionNode = FALSE
	EndGlobalSection
	GlobalSection(NestedProjects) = preSolution
		{33AFE909-A464-4AD7-8658-5271FF19F47F} = {02EA681E-C7D8-13C7-8484-4AC65E1B71E8}
		{231107F6-DC4A-43FA-9EC7-0B4693438BD2} = {02EA681E-C7D8-13C7-8484-4AC65E1B71E8}
		{7078A02F-0B85-4AA7-BF33-571B014503A2} = {02EA681E-C7D8-13C7-8484-4AC65E1B71E8}
	EndGlobalSection
	GlobalSection(ExtensibilityGlobals) = postSolution
		SolutionGuid = {BFB81B25-A48B-47D9-867C-B461A915B6BF}
	EndGlobalSection
EndGlobal
